
Microsoft Visual Studio Solution File, Format Version 12.00
# Visual Studio 15
Project("{FAE04EC0-301F-11D3-BF4B-00C04F79EFBC}") = "Assembly-CSharp", "Assembly-CSharp.csproj", "{98D2D244-21FB-AB45-20DF-985F0211750F}"
EndProject
Project("{FAE04EC0-301F-11D3-BF4B-00C04F79EFBC}") = "AssetCleaner", "AssetCleaner.csproj", "{617167E1-6749-102D-1C9A-B086A4238262}"
EndProject
Global
	GlobalSection(SolutionConfigurationPlatforms) = preSolution
		Debug|Any CPU = Debug|Any CPU
		Release|Any CPU = Release|Any CPU
	EndGlobalSection
	GlobalSection(ProjectConfigurationPlatforms) = postSolution
		{98D2D244-21FB-AB45-20DF-985F0211750F}.Debug|Any CPU.ActiveCfg = Debug|Any CPU
		{98D2D244-21FB-AB45-20DF-985F0211750F}.Debug|Any CPU.Build.0 = Debug|Any CPU
		{98D2D244-21FB-AB45-20DF-985F0211750F}.Release|Any CPU.ActiveCfg = Release|Any CPU
		{98D2D244-21FB-AB45-20DF-985F0211750F}.Release|Any CPU.Build.0 = Release|Any CPU
		{617167E1-6749-102D-1C9A-B086A4238262}.Debug|Any CPU.ActiveCfg = Debug|Any CPU
		{617167E1-6749-102D-1C9A-B086A4238262}.Debug|Any CPU.Build.0 = Debug|Any CPU
		{617167E1-6749-102D-1C9A-B086A4238262}.Release|Any CPU.ActiveCfg = Release|Any CPU
		{617167E1-6749-102D-1C9A-B086A4238262}.Release|Any CPU.Build.0 = Release|Any CPU
	EndGlobalSection
	GlobalSection(SolutionProperties) = preSolution
		HideSolutionNode = FALSE
	EndGlobalSection
EndGlobal
